{
  "name": "testmypackage",
  "version": "1.0.0",
  "lockfileVersion": 3,
  "requires": true,
  "packages": {
    "": {
      "name": "testmypackage",
      "version": "1.0.0",
      "license": "ISC",
      "dependencies": {
        "basic_calci": "^1.0.0"
      }
    },
    "node_modules/basic_calci": {
      "version": "1.0.0",
      "resolved": "https://registry.npmjs.org/basic_calci/-/basic_calci-1.0.0.tgz",
      "integrity": "sha512-5m/mG/3RlFhq2eHebtUWFZY0+8kLdmku5VTHpyBy4uxZIiO4ZFHdk2Gvo4Bg8idnAgtRQtGY8NUV3/+UdUhn2g=="
    }
  }
}
